{
  "name": "step06",
  "version": "1.0.0",
  "lockfileVersion": 1,
  "requires": true,
  "dependencies": {
    "@mathigon/boost": {
      "version": "0.2.8",
      "resolved": "https://registry.npmjs.org/@mathigon/boost/-/boost-0.2.8.tgz",
      "integrity": "sha512-79T+RaGDMxO90NO7NIUadLjquS+O2ggfTzB+4/nP9xzms38ceIcnqxm2+ajOiMFU3LCYGO3q4HsnZnJqwiP7qQ==",
      "requires": {
        "@mathigon/core": "^0.2.5",
        "@mathigon/fermat": "^0.2.7"
      }
    },
    "@mathigon/core": {
      "version": "0.2.5",
      "resolved": "https://registry.npmjs.org/@mathigon/core/-/core-0.2.5.tgz",
      "integrity": "sha512-c5MrcMO0BOuCphHXQo38sBhYlWFN9y+rUsJ6TNWwomCo486sYT7RYBQKsv4k/DE3IxDKd5r9PbUOhLDwzA/7ww=="
    },
    "@mathigon/fermat": {
      "version": "0.2.7",
      "resolved": "https://registry.npmjs.org/@mathigon/fermat/-/fermat-0.2.7.tgz",
      "integrity": "sha512-Dwkc8AaK/JD/BibMeX7Eq/mKfuWXwKmArZCoKW0Go4tbrGTNbQV7Qwy18khv0EY/FjYpFysii75MZ48AMV9ksQ==",
      "requires": {
        "@mathigon/core": "^0.2.5"
      }
    }
  }
}
